PODS:
  - KissPaginate (0.2.0)
  - Nimble (5.0.0)
  - Quick (0.10.0)

DEPENDENCIES:
  - KissPaginate (from `../`)
  - Nimble
  - Quick

EXTERNAL SOURCES:
  KissPaginate:
    :path: "../"

SPEC CHECKSUMS:
  KissPaginate: 1099370c94059f6abfa9fe204fa29fa57b778e4a
  Nimble: 56fc9f5020effa2206de22c3dd910f4fb011b92f
  Quick: 5d290df1c69d5ee2f0729956dcf0fd9a30447eaa

PODFILE CHECKSUM: 3f320056d729b6ae8c593024f0709fd9c2a6f319

COCOAPODS: 1.1.0.rc.2
